
Terraform used the selected providers to generate the following execution
plan. Resource actions are indicated with the following symbols:
  [32m+[0m create
[0m
Terraform will perform the following actions:

[1m  # aws_instance.hl_18[0m will be created[0m[0m
[0m  [32m+[0m[0m resource "aws_instance" "hl_18" {
      [32m+[0m [0m[1m[0mami[0m[0m                                  = "ami-09a41e26df464c548"
      [32m+[0m [0m[1m[0marn[0m[0m                                  = (known after apply)
      [32m+[0m [0m[1m[0massociate_public_ip_address[0m[0m          = (known after apply)
      [32m+[0m [0m[1m[0mavailability_zone[0m[0m                    = (known after apply)
      [32m+[0m [0m[1m[0mcpu_core_count[0m[0m                       = (known after apply)
      [32m+[0m [0m[1m[0mcpu_threads_per_core[0m[0m                 = (known after apply)
      [32m+[0m [0m[1m[0mdisable_api_stop[0m[0m                     = (known after apply)
      [32m+[0m [0m[1m[0mdisable_api_termination[0m[0m              = (known after apply)
      [32m+[0m [0m[1m[0mebs_optimized[0m[0m                        = (known after apply)
      [32m+[0m [0m[1m[0mget_password_data[0m[0m                    = false
      [32m+[0m [0m[1m[0mhost_id[0m[0m                              = (known after apply)
      [32m+[0m [0m[1m[0mid[0m[0m                                   = (known after apply)
      [32m+[0m [0m[1m[0minstance_initiated_shutdown_behavior[0m[0m = (known after apply)
      [32m+[0m [0m[1m[0minstance_state[0m[0m                       = (known after apply)
      [32m+[0m [0m[1m[0minstance_type[0m[0m                        = "t2.micro"
      [32m+[0m [0m[1m[0mipv6_address_count[0m[0m                   = (known after apply)
      [32m+[0m [0m[1m[0mipv6_addresses[0m[0m                       = (known after apply)
      [32m+[0m [0m[1m[0mkey_name[0m[0m                             = (known after apply)
      [32m+[0m [0m[1m[0mmonitoring[0m[0m                           = (known after apply)
      [32m+[0m [0m[1m[0moutpost_arn[0m[0m                          = (known after apply)
      [32m+[0m [0m[1m[0mpassword_data[0m[0m                        = (known after apply)
      [32m+[0m [0m[1m[0mplacement_group[0m[0m                      = (known after apply)
      [32m+[0m [0m[1m[0mplacement_partition_number[0m[0m           = (known after apply)
      [32m+[0m [0m[1m[0mprimary_network_interface_id[0m[0m         = (known after apply)
      [32m+[0m [0m[1m[0mprivate_dns[0m[0m                          = (known after apply)
      [32m+[0m [0m[1m[0mprivate_ip[0m[0m                           = (known after apply)
      [32m+[0m [0m[1m[0mpublic_dns[0m[0m                           = (known after apply)
      [32m+[0m [0m[1m[0mpublic_ip[0m[0m                            = (known after apply)
      [32m+[0m [0m[1m[0msecondary_private_ips[0m[0m                = (known after apply)
      [32m+[0m [0m[1m[0msecurity_groups[0m[0m                      = (known after apply)
      [32m+[0m [0m[1m[0msubnet_id[0m[0m                            = (known after apply)
      [32m+[0m [0m[1m[0mtags_all[0m[0m                             = (known after apply)
      [32m+[0m [0m[1m[0mtenancy[0m[0m                              = (known after apply)
      [32m+[0m [0m[1m[0muser_data[0m[0m                            = "2edb746d8c41ed06d51f20fffe3cd7c21d311555"
      [32m+[0m [0m[1m[0muser_data_base64[0m[0m                     = (known after apply)
      [32m+[0m [0m[1m[0muser_data_replace_on_change[0m[0m          = false
      [32m+[0m [0m[1m[0mvpc_security_group_ids[0m[0m               = (known after apply)

      [32m+[0m [0mcapacity_reservation_specification {
          [32m+[0m [0m[1m[0mcapacity_reservation_preference[0m[0m = (known after apply)

          [32m+[0m [0mcapacity_reservation_target {
              [32m+[0m [0m[1m[0mcapacity_reservation_id[0m[0m                 = (known after apply)
              [32m+[0m [0m[1m[0mcapacity_reservation_resource_group_arn[0m[0m = (known after apply)
            }
        }

      [32m+[0m [0mcredit_specification {
          [32m+[0m [0m[1m[0mcpu_credits[0m[0m = "unlimited"
        }

      [32m+[0m [0mebs_block_device {
          [32m+[0m [0m[1m[0mdelete_on_termination[0m[0m = (known after apply)
          [32m+[0m [0m[1m[0mdevice_name[0m[0m           = (known after apply)
          [32m+[0m [0m[1m[0mencrypted[0m[0m             = (known after apply)
          [32m+[0m [0m[1m[0miops[0m[0m                  = (known after apply)
          [32m+[0m [0m[1m[0mkms_key_id[0m[0m            = (known after apply)
          [32m+[0m [0m[1m[0msnapshot_id[0m[0m           = (known after apply)
          [32m+[0m [0m[1m[0mtags[0m[0m                  = (known after apply)
          [32m+[0m [0m[1m[0mthroughput[0m[0m            = (known after apply)
          [32m+[0m [0m[1m[0mvolume_id[0m[0m             = (known after apply)
          [32m+[0m [0m[1m[0mvolume_size[0m[0m           = (known after apply)
          [32m+[0m [0m[1m[0mvolume_type[0m[0m           = (known after apply)
        }

      [32m+[0m [0menclave_options {
          [32m+[0m [0m[1m[0menabled[0m[0m = (known after apply)
        }

      [32m+[0m [0mephemeral_block_device {
          [32m+[0m [0m[1m[0mdevice_name[0m[0m  = (known after apply)
          [32m+[0m [0m[1m[0mno_device[0m[0m    = (known after apply)
          [32m+[0m [0m[1m[0mvirtual_name[0m[0m = (known after apply)
        }

      [32m+[0m [0mmaintenance_options {
          [32m+[0m [0m[1m[0mauto_recovery[0m[0m = (known after apply)
        }

      [32m+[0m [0mmetadata_options {
          [32m+[0m [0m[1m[0mhttp_endpoint[0m[0m               = (known after apply)
          [32m+[0m [0m[1m[0mhttp_put_response_hop_limit[0m[0m = (known after apply)
          [32m+[0m [0m[1m[0mhttp_tokens[0m[0m                 = (known after apply)
          [32m+[0m [0m[1m[0minstance_metadata_tags[0m[0m      = (known after apply)
        }

      [32m+[0m [0mnetwork_interface {
          [32m+[0m [0m[1m[0mdelete_on_termination[0m[0m = false
          [32m+[0m [0m[1m[0mdevice_index[0m[0m          = 0
          [32m+[0m [0m[1m[0mnetwork_card_index[0m[0m    = 0
          [32m+[0m [0m[1m[0mnetwork_interface_id[0m[0m  = (known after apply)
        }

      [32m+[0m [0mprivate_dns_name_options {
          [32m+[0m [0m[1m[0menable_resource_name_dns_a_record[0m[0m    = (known after apply)
          [32m+[0m [0m[1m[0menable_resource_name_dns_aaaa_record[0m[0m = (known after apply)
          [32m+[0m [0m[1m[0mhostname_type[0m[0m                        = (known after apply)
        }

      [32m+[0m [0mroot_block_device {
          [32m+[0m [0m[1m[0mdelete_on_termination[0m[0m = (known after apply)
          [32m+[0m [0m[1m[0mdevice_name[0m[0m           = (known after apply)
          [32m+[0m [0m[1m[0mencrypted[0m[0m             = (known after apply)
          [32m+[0m [0m[1m[0miops[0m[0m                  = (known after apply)
          [32m+[0m [0m[1m[0mkms_key_id[0m[0m            = (known after apply)
          [32m+[0m [0m[1m[0mtags[0m[0m                  = (known after apply)
          [32m+[0m [0m[1m[0mthroughput[0m[0m            = (known after apply)
          [32m+[0m [0m[1m[0mvolume_id[0m[0m             = (known after apply)
          [32m+[0m [0m[1m[0mvolume_size[0m[0m           = (known after apply)
          [32m+[0m [0m[1m[0mvolume_type[0m[0m           = (known after apply)
        }
    }

[1m  # aws_network_interface.hl_18[0m will be created[0m[0m
[0m  [32m+[0m[0m resource "aws_network_interface" "hl_18" {
      [32m+[0m [0m[1m[0marn[0m[0m                       = (known after apply)
      [32m+[0m [0m[1m[0mid[0m[0m                        = (known after apply)
      [32m+[0m [0m[1m[0minterface_type[0m[0m            = (known after apply)
      [32m+[0m [0m[1m[0mipv4_prefix_count[0m[0m         = (known after apply)
      [32m+[0m [0m[1m[0mipv4_prefixes[0m[0m             = (known after apply)
      [32m+[0m [0m[1m[0mipv6_address_count[0m[0m        = (known after apply)
      [32m+[0m [0m[1m[0mipv6_address_list[0m[0m         = (known after apply)
      [32m+[0m [0m[1m[0mipv6_address_list_enabled[0m[0m = false
      [32m+[0m [0m[1m[0mipv6_addresses[0m[0m            = (known after apply)
      [32m+[0m [0m[1m[0mipv6_prefix_count[0m[0m         = (known after apply)
      [32m+[0m [0m[1m[0mipv6_prefixes[0m[0m             = (known after apply)
      [32m+[0m [0m[1m[0mmac_address[0m[0m               = (known after apply)
      [32m+[0m [0m[1m[0moutpost_arn[0m[0m               = (known after apply)
      [32m+[0m [0m[1m[0mowner_id[0m[0m                  = (known after apply)
      [32m+[0m [0m[1m[0mprivate_dns_name[0m[0m          = (known after apply)
      [32m+[0m [0m[1m[0mprivate_ip[0m[0m                = (known after apply)
      [32m+[0m [0m[1m[0mprivate_ip_list[0m[0m           = (known after apply)
      [32m+[0m [0m[1m[0mprivate_ip_list_enabled[0m[0m   = false
      [32m+[0m [0m[1m[0mprivate_ips[0m[0m               = [
          [32m+[0m [0m"192.168.1.100",
        ]
      [32m+[0m [0m[1m[0mprivate_ips_count[0m[0m         = (known after apply)
      [32m+[0m [0m[1m[0msecurity_groups[0m[0m           = (known after apply)
      [32m+[0m [0m[1m[0msource_dest_check[0m[0m         = true
      [32m+[0m [0m[1m[0msubnet_id[0m[0m                 = (known after apply)
      [32m+[0m [0m[1m[0mtags[0m[0m                      = {
          [32m+[0m [0m"Name" = "primary_network_interface"
        }
      [32m+[0m [0m[1m[0mtags_all[0m[0m                  = {
          [32m+[0m [0m"Name" = "primary_network_interface"
        }

      [32m+[0m [0mattachment {
          [32m+[0m [0m[1m[0mattachment_id[0m[0m = (known after apply)
          [32m+[0m [0m[1m[0mdevice_index[0m[0m  = (known after apply)
          [32m+[0m [0m[1m[0minstance[0m[0m      = (known after apply)
        }
    }

[1m  # aws_s3_bucket.bucket[0m will be created[0m[0m
[0m  [32m+[0m[0m resource "aws_s3_bucket" "bucket" {
      [32m+[0m [0m[1m[0macceleration_status[0m[0m         = (known after apply)
      [32m+[0m [0m[1m[0macl[0m[0m                         = (known after apply)
      [32m+[0m [0m[1m[0marn[0m[0m                         = (known after apply)
      [32m+[0m [0m[1m[0mbucket[0m[0m                      = "hillel-18-derecea"
      [32m+[0m [0m[1m[0mbucket_domain_name[0m[0m          = (known after apply)
      [32m+[0m [0m[1m[0mbucket_regional_domain_name[0m[0m = (known after apply)
      [32m+[0m [0m[1m[0mforce_destroy[0m[0m               = false
      [32m+[0m [0m[1m[0mhosted_zone_id[0m[0m              = (known after apply)
      [32m+[0m [0m[1m[0mid[0m[0m                          = (known after apply)
      [32m+[0m [0m[1m[0mobject_lock_enabled[0m[0m         = (known after apply)
      [32m+[0m [0m[1m[0mpolicy[0m[0m                      = (known after apply)
      [32m+[0m [0m[1m[0mregion[0m[0m                      = (known after apply)
      [32m+[0m [0m[1m[0mrequest_payer[0m[0m               = (known after apply)
      [32m+[0m [0m[1m[0mtags_all[0m[0m                    = (known after apply)
      [32m+[0m [0m[1m[0mwebsite_domain[0m[0m              = (known after apply)
      [32m+[0m [0m[1m[0mwebsite_endpoint[0m[0m            = (known after apply)

      [32m+[0m [0mcors_rule {
          [32m+[0m [0m[1m[0mallowed_headers[0m[0m = (known after apply)
          [32m+[0m [0m[1m[0mallowed_methods[0m[0m = (known after apply)
          [32m+[0m [0m[1m[0mallowed_origins[0m[0m = (known after apply)
          [32m+[0m [0m[1m[0mexpose_headers[0m[0m  = (known after apply)
          [32m+[0m [0m[1m[0mmax_age_seconds[0m[0m = (known after apply)
        }

      [32m+[0m [0mgrant {
          [32m+[0m [0m[1m[0mid[0m[0m          = (known after apply)
          [32m+[0m [0m[1m[0mpermissions[0m[0m = (known after apply)
          [32m+[0m [0m[1m[0mtype[0m[0m        = (known after apply)
          [32m+[0m [0m[1m[0muri[0m[0m         = (known after apply)
        }

      [32m+[0m [0mlifecycle_rule {
          [32m+[0m [0m[1m[0mabort_incomplete_multipart_upload_days[0m[0m = (known after apply)
          [32m+[0m [0m[1m[0menabled[0m[0m                                = (known after apply)
          [32m+[0m [0m[1m[0mid[0m[0m                                     = (known after apply)
          [32m+[0m [0m[1m[0mprefix[0m[0m                                 = (known after apply)
          [32m+[0m [0m[1m[0mtags[0m[0m                                   = (known after apply)

          [32m+[0m [0mexpiration {
              [32m+[0m [0m[1m[0mdate[0m[0m                         = (known after apply)
              [32m+[0m [0m[1m[0mdays[0m[0m                         = (known after apply)
              [32m+[0m [0m[1m[0mexpired_object_delete_marker[0m[0m = (known after apply)
            }

          [32m+[0m [0mnoncurrent_version_expiration {
              [32m+[0m [0m[1m[0mdays[0m[0m = (known after apply)
            }

          [32m+[0m [0mnoncurrent_version_transition {
              [32m+[0m [0m[1m[0mdays[0m[0m          = (known after apply)
              [32m+[0m [0m[1m[0mstorage_class[0m[0m = (known after apply)
            }

          [32m+[0m [0mtransition {
              [32m+[0m [0m[1m[0mdate[0m[0m          = (known after apply)
              [32m+[0m [0m[1m[0mdays[0m[0m          = (known after apply)
              [32m+[0m [0m[1m[0mstorage_class[0m[0m = (known after apply)
            }
        }

      [32m+[0m [0mlogging {
          [32m+[0m [0m[1m[0mtarget_bucket[0m[0m = (known after apply)
          [32m+[0m [0m[1m[0mtarget_prefix[0m[0m = (known after apply)
        }

      [32m+[0m [0mobject_lock_configuration {
          [32m+[0m [0m[1m[0mobject_lock_enabled[0m[0m = (known after apply)

          [32m+[0m [0mrule {
              [32m+[0m [0mdefault_retention {
                  [32m+[0m [0m[1m[0mdays[0m[0m  = (known after apply)
                  [32m+[0m [0m[1m[0mmode[0m[0m  = (known after apply)
                  [32m+[0m [0m[1m[0myears[0m[0m = (known after apply)
                }
            }
        }

      [32m+[0m [0mreplication_configuration {
          [32m+[0m [0m[1m[0mrole[0m[0m = (known after apply)

          [32m+[0m [0mrules {
              [32m+[0m [0m[1m[0mdelete_marker_replication_status[0m[0m = (known after apply)
              [32m+[0m [0m[1m[0mid[0m[0m                               = (known after apply)
              [32m+[0m [0m[1m[0mprefix[0m[0m                           = (known after apply)
              [32m+[0m [0m[1m[0mpriority[0m[0m                         = (known after apply)
              [32m+[0m [0m[1m[0mstatus[0m[0m                           = (known after apply)

              [32m+[0m [0mdestination {
                  [32m+[0m [0m[1m[0maccount_id[0m[0m         = (known after apply)
                  [32m+[0m [0m[1m[0mbucket[0m[0m             = (known after apply)
                  [32m+[0m [0m[1m[0mreplica_kms_key_id[0m[0m = (known after apply)
                  [32m+[0m [0m[1m[0mstorage_class[0m[0m      = (known after apply)

                  [32m+[0m [0maccess_control_translation {
                      [32m+[0m [0m[1m[0mowner[0m[0m = (known after apply)
                    }

                  [32m+[0m [0mmetrics {
                      [32m+[0m [0m[1m[0mminutes[0m[0m = (known after apply)
                      [32m+[0m [0m[1m[0mstatus[0m[0m  = (known after apply)
                    }

                  [32m+[0m [0mreplication_time {
                      [32m+[0m [0m[1m[0mminutes[0m[0m = (known after apply)
                      [32m+[0m [0m[1m[0mstatus[0m[0m  = (known after apply)
                    }
                }

              [32m+[0m [0mfilter {
                  [32m+[0m [0m[1m[0mprefix[0m[0m = (known after apply)
                  [32m+[0m [0m[1m[0mtags[0m[0m   = (known after apply)
                }

              [32m+[0m [0msource_selection_criteria {
                  [32m+[0m [0msse_kms_encrypted_objects {
                      [32m+[0m [0m[1m[0menabled[0m[0m = (known after apply)
                    }
                }
            }
        }

      [32m+[0m [0mserver_side_encryption_configuration {
          [32m+[0m [0mrule {
              [32m+[0m [0m[1m[0mbucket_key_enabled[0m[0m = (known after apply)

              [32m+[0m [0mapply_server_side_encryption_by_default {
                  [32m+[0m [0m[1m[0mkms_master_key_id[0m[0m = (known after apply)
                  [32m+[0m [0m[1m[0msse_algorithm[0m[0m     = (known after apply)
                }
            }
        }

      [32m+[0m [0mversioning {
          [32m+[0m [0m[1m[0menabled[0m[0m    = (known after apply)
          [32m+[0m [0m[1m[0mmfa_delete[0m[0m = (known after apply)
        }

      [32m+[0m [0mwebsite {
          [32m+[0m [0m[1m[0merror_document[0m[0m           = (known after apply)
          [32m+[0m [0m[1m[0mindex_document[0m[0m           = (known after apply)
          [32m+[0m [0m[1m[0mredirect_all_requests_to[0m[0m = (known after apply)
          [32m+[0m [0m[1m[0mrouting_rules[0m[0m            = (known after apply)
        }
    }

[1m  # aws_subnet.my_subnet[0m will be created[0m[0m
[0m  [32m+[0m[0m resource "aws_subnet" "my_subnet" {
      [32m+[0m [0m[1m[0marn[0m[0m                                            = (known after apply)
      [32m+[0m [0m[1m[0massign_ipv6_address_on_creation[0m[0m                = false
      [32m+[0m [0m[1m[0mavailability_zone[0m[0m                              = "us-east-1a"
      [32m+[0m [0m[1m[0mavailability_zone_id[0m[0m                           = (known after apply)
      [32m+[0m [0m[1m[0mcidr_block[0m[0m                                     = "192.168.1.0/24"
      [32m+[0m [0m[1m[0menable_dns64[0m[0m                                   = false
      [32m+[0m [0m[1m[0menable_resource_name_dns_a_record_on_launch[0m[0m    = false
      [32m+[0m [0m[1m[0menable_resource_name_dns_aaaa_record_on_launch[0m[0m = false
      [32m+[0m [0m[1m[0mid[0m[0m                                             = (known after apply)
      [32m+[0m [0m[1m[0mipv6_cidr_block_association_id[0m[0m                 = (known after apply)
      [32m+[0m [0m[1m[0mipv6_native[0m[0m                                    = false
      [32m+[0m [0m[1m[0mmap_public_ip_on_launch[0m[0m                        = false
      [32m+[0m [0m[1m[0mowner_id[0m[0m                                       = (known after apply)
      [32m+[0m [0m[1m[0mprivate_dns_hostname_type_on_launch[0m[0m            = (known after apply)
      [32m+[0m [0m[1m[0mtags[0m[0m                                           = {
          [32m+[0m [0m"Name" = "tf-example"
        }
      [32m+[0m [0m[1m[0mtags_all[0m[0m                                       = {
          [32m+[0m [0m"Name" = "tf-example"
        }
      [32m+[0m [0m[1m[0mvpc_id[0m[0m                                         = (known after apply)
    }

[1m  # aws_vpc.my_vpc[0m will be created[0m[0m
[0m  [32m+[0m[0m resource "aws_vpc" "my_vpc" {
      [32m+[0m [0m[1m[0marn[0m[0m                                  = (known after apply)
      [32m+[0m [0m[1m[0mcidr_block[0m[0m                           = "192.168.0.0/16"
      [32m+[0m [0m[1m[0mdefault_network_acl_id[0m[0m               = (known after apply)
      [32m+[0m [0m[1m[0mdefault_route_table_id[0m[0m               = (known after apply)
      [32m+[0m [0m[1m[0mdefault_security_group_id[0m[0m            = (known after apply)
      [32m+[0m [0m[1m[0mdhcp_options_id[0m[0m                      = (known after apply)
      [32m+[0m [0m[1m[0menable_classiclink[0m[0m                   = (known after apply)
      [32m+[0m [0m[1m[0menable_classiclink_dns_support[0m[0m       = (known after apply)
      [32m+[0m [0m[1m[0menable_dns_hostnames[0m[0m                 = (known after apply)
      [32m+[0m [0m[1m[0menable_dns_support[0m[0m                   = true
      [32m+[0m [0m[1m[0mid[0m[0m                                   = (known after apply)
      [32m+[0m [0m[1m[0minstance_tenancy[0m[0m                     = "default"
      [32m+[0m [0m[1m[0mipv6_association_id[0m[0m                  = (known after apply)
      [32m+[0m [0m[1m[0mipv6_cidr_block[0m[0m                      = (known after apply)
      [32m+[0m [0m[1m[0mipv6_cidr_block_network_border_group[0m[0m = (known after apply)
      [32m+[0m [0m[1m[0mmain_route_table_id[0m[0m                  = (known after apply)
      [32m+[0m [0m[1m[0mowner_id[0m[0m                             = (known after apply)
      [32m+[0m [0m[1m[0mtags[0m[0m                                 = {
          [32m+[0m [0m"Name" = "tf-example"
        }
      [32m+[0m [0m[1m[0mtags_all[0m[0m                             = {
          [32m+[0m [0m"Name" = "tf-example"
        }
    }

[0m[1mPlan:[0m 5 to add, 0 to change, 0 to destroy.
[0m[0m[1m
Do you want to perform these actions?[0m
  Terraform will perform the actions described above.
  Only 'yes' will be accepted to approve.

  [1mEnter a value:[0m [0m
[0m[1maws_vpc.my_vpc: Creating...[0m[0m
[0m[1maws_s3_bucket.bucket: Creating...[0m[0m
[0m[1maws_vpc.my_vpc: Creation complete after 3s [id=vpc-054b3a1744b1abd1e][0m
[0m[1maws_subnet.my_subnet: Creating...[0m[0m
[0m[1maws_s3_bucket.bucket: Creation complete after 4s [id=hillel-18-derecea][0m
[0m[1maws_subnet.my_subnet: Creation complete after 1s [id=subnet-02149bfb9adbd66ee][0m
[0m[1maws_network_interface.hl_18: Creating...[0m[0m
[0m[1maws_network_interface.hl_18: Creation complete after 2s [id=eni-04016aefdce7d6d82][0m
[0m[1maws_instance.hl_18: Creating...[0m[0m
[0m[1maws_instance.hl_18: Still creating... [10s elapsed][0m[0m
[0m[1maws_instance.hl_18: Still creating... [20s elapsed][0m[0m
[0m[1maws_instance.hl_18: Still creating... [30s elapsed][0m[0m
[0m[1maws_instance.hl_18: Creation complete after 34s [id=i-0a48f9110f59f2e1c][0m
[0m[1m[32m
Apply complete! Resources: 5 added, 0 changed, 0 destroyed.
[0m